<?xml version="1.0" encoding="utf-8"?>
<Project ToolsVersion="4.0" xmlns="http://schemas.microsoft.com/developer/msbuild/2003">
  <ItemGroup>
    <Filter Include="Source Files">
      <UniqueIdentifier>{4FC737F1-C7A5-4376-A066-2A32D752A2FF}</UniqueIdentifier>
      <Extensions>cpp;c;cc;cxx;c++;cppm;ixx;def;odl;idl;hpj;bat;asm;asmx</Extensions>
    </Filter>
    <Filter Include="Header Files">
      <UniqueIdentifier>{93995380-89BD-4b04-88EB-625FBE52EBFB}</UniqueIdentifier>
      <Extensions>h;hh;hpp;hxx;h++;hm;inl;inc;ipp;xsd</Extensions>
    </Filter>
    <Filter Include="Resource Files">
      <UniqueIdentifier>{67DA6AB6-F800-4c08-8B7A-83BB121AAD01}</UniqueIdentifier>
      <Extensions>rc;ico;cur;bmp;dlg;rc2;rct;bin;rgs;gif;jpg;jpeg;jpe;resx;tiff;tif;png;wav;mfcribbon-ms</Extensions>
    </Filter>
    <Filter Include="Source Files\System">
      <UniqueIdentifier>{4fdbeadb-5e92-4d48-a53f-762167a49591}</UniqueIdentifier>
    </Filter>
    <Filter Include="Source Files\System\Micro Architecture">
      <UniqueIdentifier>{c059a44f-b9cf-4020-a335-b3947730f7ed}</UniqueIdentifier>
    </Filter>
    <Filter Include="Header Files\Color">
      <UniqueIdentifier>{b3744da8-b1ba-4866-987c-203267f2ce17}</UniqueIdentifier>
    </Filter>
    <Filter Include="Source Files\Color">
      <UniqueIdentifier>{930c352f-1e84-4c50-b38a-954d45bb35e8}</UniqueIdentifier>
    </Filter>
    <Filter Include="Header Files\Dimension">
      <UniqueIdentifier>{97c1b3e0-735d-413d-8dde-27d4c1e2473a}</UniqueIdentifier>
    </Filter>
    <Filter Include="Source Files\Dimension">
      <UniqueIdentifier>{6366792f-aca0-4468-ae07-17aa561e929a}</UniqueIdentifier>
    </Filter>
  </ItemGroup>
  <ItemGroup>
    <ClCompile Include="Main.cpp">
      <Filter>Source Files\System\Micro Architecture</Filter>
    </ClCompile>
    <ClCompile Include="Color.cpp">
      <Filter>Source Files\Color</Filter>
    </ClCompile>
    <ClCompile Include="Point.cpp">
      <Filter>Source Files\Dimension</Filter>
    </ClCompile>
    <ClCompile Include="Size.cpp">
      <Filter>Source Files\Dimension</Filter>
    </ClCompile>
    <ClCompile Include="Rect.cpp">
      <Filter>Source Files\Dimension</Filter>
    </ClCompile>
  </ItemGroup>
  <ItemGroup>
    <ClInclude Include="Color.h">
      <Filter>Header Files\Color</Filter>
    </ClInclude>
    <ClInclude Include="Point.h">
      <Filter>Header Files\Dimension</Filter>
    </ClInclude>
    <ClInclude Include="Size.h">
      <Filter>Header Files\Dimension</Filter>
    </ClInclude>
    <ClInclude Include="Rect.h">
      <Filter>Header Files\Dimension</Filter>
    </ClInclude>
  </ItemGroup>
</Project>