<?xml version="1.0" encoding="utf-8"?>
<Project ToolsVersion="4.0" xmlns="http://schemas.microsoft.com/developer/msbuild/2003">
  <ItemGroup>
    <Filter Include="Source Files">
      <UniqueIdentifier>{4FC737F1-C7A5-4376-A066-2A32D752A2FF}</UniqueIdentifier>
      <Extensions>cpp;c;cc;cxx;c++;cppm;ixx;def;odl;idl;hpj;bat;asm;asmx</Extensions>
    </Filter>
    <Filter Include="Header Files">
      <UniqueIdentifier>{93995380-89BD-4b04-88EB-625FBE52EBFB}</UniqueIdentifier>
      <Extensions>h;hh;hpp;hxx;h++;hm;inl;inc;ipp;xsd</Extensions>
    </Filter>
    <Filter Include="Resource Files">
      <UniqueIdentifier>{67DA6AB6-F800-4c08-8B7A-83BB121AAD01}</UniqueIdentifier>
      <Extensions>rc;ico;cur;bmp;dlg;rc2;rct;bin;rgs;gif;jpg;jpeg;jpe;resx;tiff;tif;png;wav;mfcribbon-ms</Extensions>
    </Filter>
    <Filter Include="Source Files\System">
      <UniqueIdentifier>{4fdbeadb-5e92-4d48-a53f-762167a49591}</UniqueIdentifier>
    </Filter>
    <Filter Include="Header Files\Dimension">
      <UniqueIdentifier>{97c1b3e0-735d-413d-8dde-27d4c1e2473a}</UniqueIdentifier>
    </Filter>
    <Filter Include="Source Files\Dimension">
      <UniqueIdentifier>{6366792f-aca0-4468-ae07-17aa561e929a}</UniqueIdentifier>
    </Filter>
    <Filter Include="Header Files\Utilities">
      <UniqueIdentifier>{63692477-f95a-41bb-9648-595766bf6d5f}</UniqueIdentifier>
    </Filter>
    <Filter Include="Source Files\Utilities">
      <UniqueIdentifier>{24cce7f2-36f6-440e-aae5-4081afd7bea9}</UniqueIdentifier>
    </Filter>
    <Filter Include="Header Files\Components">
      <UniqueIdentifier>{5f884fe1-7520-4c66-a62f-a7f48bf2c9f7}</UniqueIdentifier>
    </Filter>
    <Filter Include="Source Files\Components">
      <UniqueIdentifier>{63899b07-cabb-4800-a2ce-22f79da52888}</UniqueIdentifier>
    </Filter>
    <Filter Include="Header Files\System">
      <UniqueIdentifier>{3a4e3e0a-38bc-4236-b8f9-7af9a340fad6}</UniqueIdentifier>
    </Filter>
    <Filter Include="Header Files\ViewController">
      <UniqueIdentifier>{683a6db0-40cb-422c-928e-a380052074fc}</UniqueIdentifier>
    </Filter>
    <Filter Include="Source Files\ViewController">
      <UniqueIdentifier>{1f60af6a-12e1-4323-92dc-ce03d014021c}</UniqueIdentifier>
    </Filter>
    <Filter Include="Header Files\AppController">
      <UniqueIdentifier>{90f5133a-947b-425c-bbfe-b8af63c34774}</UniqueIdentifier>
    </Filter>
    <Filter Include="Source Files\AppController">
      <UniqueIdentifier>{511f73ab-25cf-4e77-b725-094f5684a254}</UniqueIdentifier>
    </Filter>
    <Filter Include="Header Files\ViewController\Man1">
      <UniqueIdentifier>{346d8bc1-f166-4768-8119-d058cb1eb303}</UniqueIdentifier>
    </Filter>
    <Filter Include="Source Files\ViewController\Man1">
      <UniqueIdentifier>{1546b113-08b5-4d29-aadb-cbe632cb5e5f}</UniqueIdentifier>
    </Filter>
    <Filter Include="Header Files\Components\Mario">
      <UniqueIdentifier>{da33f3d3-edeb-4b09-80b3-190e597ec3e0}</UniqueIdentifier>
    </Filter>
    <Filter Include="Source Files\Components\Mario">
      <UniqueIdentifier>{4fd47f73-2077-454e-ad0e-402db5b4d8ee}</UniqueIdentifier>
    </Filter>
    <Filter Include="Header Files\Enums">
      <UniqueIdentifier>{93e37a0e-bd31-4cac-ade1-5805788bd5f0}</UniqueIdentifier>
    </Filter>
    <Filter Include="Header Files\Animations">
      <UniqueIdentifier>{e5d672f3-41fa-416d-a9e6-9a8ed86221f8}</UniqueIdentifier>
    </Filter>
    <Filter Include="Source Files\Animations">
      <UniqueIdentifier>{5aa077f5-4ead-4eb5-a616-6cc94ebc2a6c}</UniqueIdentifier>
    </Filter>
  </ItemGroup>
  <ItemGroup>
    <ClCompile Include="Setting.cpp">
      <Filter>Source Files\Utilities</Filter>
    </ClCompile>
    <ClCompile Include="Color.cpp">
      <Filter>Source Files\Utilities</Filter>
    </ClCompile>
    <ClCompile Include="FileManager.cpp">
      <Filter>Source Files\Utilities</Filter>
    </ClCompile>
    <ClCompile Include="Component.cpp">
      <Filter>Source Files\Components</Filter>
    </ClCompile>
    <ClCompile Include="Drawing.cpp">
      <Filter>Source Files\Utilities</Filter>
    </ClCompile>
    <ClCompile Include="dxgraphics.cpp">
      <Filter>Source Files\System</Filter>
    </ClCompile>
    <ClCompile Include="Main.cpp">
      <Filter>Source Files\System</Filter>
    </ClCompile>
    <ClCompile Include="ViewController.cpp">
      <Filter>Source Files\ViewController</Filter>
    </ClCompile>
    <ClCompile Include="AppController.cpp">
      <Filter>Source Files\AppController</Filter>
    </ClCompile>
    <ClCompile Include="Man1.cpp">
      <Filter>Source Files\ViewController\Man1</Filter>
    </ClCompile>
    <ClCompile Include="AppConfig.cpp">
      <Filter>Source Files\AppController</Filter>
    </ClCompile>
    <ClCompile Include="Mario.cpp">
      <Filter>Source Files\Components\Mario</Filter>
    </ClCompile>
  </ItemGroup>
  <ItemGroup>
    <ClInclude Include="Tool.h">
      <Filter>Header Files\Utilities</Filter>
    </ClInclude>
    <ClInclude Include="Setting.h">
      <Filter>Header Files\Utilities</Filter>
    </ClInclude>
    <ClInclude Include="Color.h">
      <Filter>Header Files\Utilities</Filter>
    </ClInclude>
    <ClInclude Include="FileManager.h">
      <Filter>Header Files\Utilities</Filter>
    </ClInclude>
    <ClInclude Include="Component.h">
      <Filter>Header Files\Components</Filter>
    </ClInclude>
    <ClInclude Include="Drawing.h">
      <Filter>Header Files\Utilities</Filter>
    </ClInclude>
    <ClInclude Include="dxgraphics.h">
      <Filter>Header Files\System</Filter>
    </ClInclude>
    <ClInclude Include="ViewController.h">
      <Filter>Header Files\ViewController</Filter>
    </ClInclude>
    <ClInclude Include="AppController.h">
      <Filter>Header Files\AppController</Filter>
    </ClInclude>
    <ClInclude Include="AppConfig.h">
      <Filter>Header Files\AppController</Filter>
    </ClInclude>
    <ClInclude Include="Man1.h">
      <Filter>Header Files\ViewController\Man1</Filter>
    </ClInclude>
    <ClInclude Include="Keyboard.h">
      <Filter>Header Files\Enums</Filter>
    </ClInclude>
    <ClInclude Include="Mario.h">
      <Filter>Header Files\Components\Mario</Filter>
    </ClInclude>
    <ClInclude Include="MarioState.h">
      <Filter>Header Files\Components\Mario</Filter>
    </ClInclude>
  </ItemGroup>
</Project>