<?xml version="1.0" encoding="utf-8"?>
<Project ToolsVersion="4.0" xmlns="http://schemas.microsoft.com/developer/msbuild/2003">
  <ItemGroup>
    <Filter Include="Source Files">
      <UniqueIdentifier>{4FC737F1-C7A5-4376-A066-2A32D752A2FF}</UniqueIdentifier>
      <Extensions>cpp;c;cc;cxx;c++;cppm;ixx;def;odl;idl;hpj;bat;asm;asmx</Extensions>
    </Filter>
    <Filter Include="Header Files">
      <UniqueIdentifier>{93995380-89BD-4b04-88EB-625FBE52EBFB}</UniqueIdentifier>
      <Extensions>h;hh;hpp;hxx;h++;hm;inl;inc;ipp;xsd</Extensions>
    </Filter>
    <Filter Include="Resource Files">
      <UniqueIdentifier>{67DA6AB6-F800-4c08-8B7A-83BB121AAD01}</UniqueIdentifier>
      <Extensions>rc;ico;cur;bmp;dlg;rc2;rct;bin;rgs;gif;jpg;jpeg;jpe;resx;tiff;tif;png;wav;mfcribbon-ms</Extensions>
    </Filter>
    <Filter Include="Source Files\System">
      <UniqueIdentifier>{4fdbeadb-5e92-4d48-a53f-762167a49591}</UniqueIdentifier>
    </Filter>
    <Filter Include="Header Files\Components">
      <UniqueIdentifier>{5f884fe1-7520-4c66-a62f-a7f48bf2c9f7}</UniqueIdentifier>
    </Filter>
    <Filter Include="Source Files\Components">
      <UniqueIdentifier>{63899b07-cabb-4800-a2ce-22f79da52888}</UniqueIdentifier>
    </Filter>
    <Filter Include="Header Files\System">
      <UniqueIdentifier>{3a4e3e0a-38bc-4236-b8f9-7af9a340fad6}</UniqueIdentifier>
    </Filter>
    <Filter Include="Header Files\ViewController">
      <UniqueIdentifier>{683a6db0-40cb-422c-928e-a380052074fc}</UniqueIdentifier>
    </Filter>
    <Filter Include="Source Files\ViewController">
      <UniqueIdentifier>{1f60af6a-12e1-4323-92dc-ce03d014021c}</UniqueIdentifier>
    </Filter>
    <Filter Include="Header Files\Components\Mario">
      <UniqueIdentifier>{da33f3d3-edeb-4b09-80b3-190e597ec3e0}</UniqueIdentifier>
    </Filter>
    <Filter Include="Source Files\Components\Mario">
      <UniqueIdentifier>{4fd47f73-2077-454e-ad0e-402db5b4d8ee}</UniqueIdentifier>
    </Filter>
    <Filter Include="Header Files\Components\Camera">
      <UniqueIdentifier>{ed122505-83c6-480a-9a4a-bcb81f1db664}</UniqueIdentifier>
    </Filter>
    <Filter Include="Source Files\Components\Camera">
      <UniqueIdentifier>{8c52f937-e989-494c-90a7-a991d9043ee4}</UniqueIdentifier>
    </Filter>
    <Filter Include="Source Files\Components\Map">
      <UniqueIdentifier>{f484fb32-0a21-43e5-8be0-d398de73917f}</UniqueIdentifier>
    </Filter>
    <Filter Include="Header Files\Components\Map">
      <UniqueIdentifier>{89a6b3c7-97d6-4f77-893c-23cf373dd2f5}</UniqueIdentifier>
    </Filter>
    <Filter Include="Header Files\System\Enums">
      <UniqueIdentifier>{93e37a0e-bd31-4cac-ade1-5805788bd5f0}</UniqueIdentifier>
    </Filter>
    <Filter Include="Header Files\System\Utilities">
      <UniqueIdentifier>{63692477-f95a-41bb-9648-595766bf6d5f}</UniqueIdentifier>
    </Filter>
    <Filter Include="Header Files\System\AppController">
      <UniqueIdentifier>{90f5133a-947b-425c-bbfe-b8af63c34774}</UniqueIdentifier>
    </Filter>
    <Filter Include="Source Files\System\AppController">
      <UniqueIdentifier>{511f73ab-25cf-4e77-b725-094f5684a254}</UniqueIdentifier>
    </Filter>
    <Filter Include="Source Files\System\Utilities">
      <UniqueIdentifier>{24cce7f2-36f6-440e-aae5-4081afd7bea9}</UniqueIdentifier>
    </Filter>
    <Filter Include="Source Files\System\Graphics">
      <UniqueIdentifier>{e3d49512-64fe-4e1e-a406-52d32576ebad}</UniqueIdentifier>
    </Filter>
    <Filter Include="Header Files\System\Graphics">
      <UniqueIdentifier>{80e059ee-1eaf-4052-8831-ba68930f0e76}</UniqueIdentifier>
    </Filter>
    <Filter Include="Header Files\System\Animation">
      <UniqueIdentifier>{071a7cfe-2959-434c-a327-f7ea8e48f3b3}</UniqueIdentifier>
    </Filter>
    <Filter Include="Source Files\System\Animation">
      <UniqueIdentifier>{8ecae71c-866d-4926-b505-a0822bf26a1c}</UniqueIdentifier>
    </Filter>
    <Filter Include="Source Files\Components\Map\GiftBrick">
      <UniqueIdentifier>{d72264c8-3e9e-4057-8f9d-8a6b0e908556}</UniqueIdentifier>
    </Filter>
    <Filter Include="Header Files\Components\Map\GiftBrick">
      <UniqueIdentifier>{c12f7196-e369-4842-8609-10fa01024341}</UniqueIdentifier>
    </Filter>
    <Filter Include="Header Files\ViewController\SunnyVC">
      <UniqueIdentifier>{0212b9e2-8abc-43fb-9839-d208f35cc63f}</UniqueIdentifier>
    </Filter>
    <Filter Include="Source Files\ViewController\SunnyVC">
      <UniqueIdentifier>{13636691-893f-4299-89b2-7404cdd041bd}</UniqueIdentifier>
    </Filter>
    <Filter Include="Header Files\ViewController\SunnyVC\SunnyMap">
      <UniqueIdentifier>{51874067-8ced-403f-860b-db488bebb8bf}</UniqueIdentifier>
    </Filter>
    <Filter Include="Source Files\ViewController\SunnyVC\SunnyMap">
      <UniqueIdentifier>{628be196-b193-49a8-bed8-cdd3b45c11fa}</UniqueIdentifier>
    </Filter>
    <Filter Include="Header Files\Components\Map\ScoreBoard">
      <UniqueIdentifier>{c2f2c955-baac-46a6-8232-bb9cc032630e}</UniqueIdentifier>
    </Filter>
    <Filter Include="Source Files\Components\Map\ScoreBoard">
      <UniqueIdentifier>{c4e12c99-9fbe-4ee8-87d7-567bd7785df2}</UniqueIdentifier>
    </Filter>
    <Filter Include="Header Files\ViewController\WorldVC">
      <UniqueIdentifier>{6722c219-c792-4452-aaf7-51628ed226a2}</UniqueIdentifier>
    </Filter>
    <Filter Include="Source Files\ViewController\WorldVC">
      <UniqueIdentifier>{fd33d7e7-11fc-47f1-8590-692083eb231c}</UniqueIdentifier>
    </Filter>
    <Filter Include="Header Files\ViewController\WorldVC\WorldMap">
      <UniqueIdentifier>{3b44b4a7-d8e8-4a9b-af45-5f3cef9b438f}</UniqueIdentifier>
    </Filter>
    <Filter Include="Source Files\ViewController\WorldVC\WorldMap">
      <UniqueIdentifier>{19244128-329f-4540-a8b1-66c7869fe6e6}</UniqueIdentifier>
    </Filter>
    <Filter Include="Source Files\Components\WMario">
      <UniqueIdentifier>{5d89be50-87b7-457c-837a-7f352d1bf463}</UniqueIdentifier>
    </Filter>
    <Filter Include="Header Files\Components\WMario">
      <UniqueIdentifier>{6ebfeda4-25c8-42a2-af0f-da03c4c6a262}</UniqueIdentifier>
    </Filter>
    <Filter Include="Header Files\Components\Map\StaticAnim">
      <UniqueIdentifier>{4994845a-d2b7-4543-93fa-5929d9e75666}</UniqueIdentifier>
    </Filter>
    <Filter Include="Source Files\Components\Map\StaticAnim">
      <UniqueIdentifier>{07bdd801-a343-447e-bfa4-97a0972b070b}</UniqueIdentifier>
    </Filter>
    <Filter Include="Header Files\Components\Map\WTurle">
      <UniqueIdentifier>{dd4ee038-8d45-4402-81df-a2cd711c827f}</UniqueIdentifier>
    </Filter>
    <Filter Include="Source Files\Components\Map\WTurtle">
      <UniqueIdentifier>{436a8860-c8f8-4000-ae47-e91db17ef73e}</UniqueIdentifier>
    </Filter>
    <Filter Include="Header Files\System\Grid">
      <UniqueIdentifier>{9ec7b60a-6e33-4ede-aecf-aee125b51242}</UniqueIdentifier>
    </Filter>
    <Filter Include="Source Files\System\Grid">
      <UniqueIdentifier>{829eb96d-7ac9-47a2-9c84-c2c690b7c3b3}</UniqueIdentifier>
    </Filter>
    <Filter Include="Header Files\Components\Map\GoldenBrick">
      <UniqueIdentifier>{2cc5af35-0620-4ccb-b0d6-48032836c279}</UniqueIdentifier>
    </Filter>
    <Filter Include="Source Files\Components\Map\GoldenBrick">
      <UniqueIdentifier>{57c2e720-5097-4074-bfc3-5971150dacf7}</UniqueIdentifier>
    </Filter>
    <Filter Include="Header Files\Components\Enemies">
      <UniqueIdentifier>{a7ccc6ac-7e53-4535-b549-a16831c5d269}</UniqueIdentifier>
    </Filter>
    <Filter Include="Header Files\Components\Enemies\Goomba">
      <UniqueIdentifier>{136fff21-a92c-466a-af74-fd3614f02394}</UniqueIdentifier>
    </Filter>
    <Filter Include="Source Files\Components\Enemies">
      <UniqueIdentifier>{1371253e-42f1-4073-89c8-f75721d3faba}</UniqueIdentifier>
    </Filter>
    <Filter Include="Source Files\Components\Enemies\Goomba">
      <UniqueIdentifier>{2add903e-c05f-462a-9937-f4f5992e4aae}</UniqueIdentifier>
    </Filter>
    <Filter Include="Source Files\Components\Map\GreenPipe">
      <UniqueIdentifier>{5c80023a-b49e-4bf0-8754-a325418d9e4f}</UniqueIdentifier>
    </Filter>
    <Filter Include="Header Files\Components\Map\GreenPipe">
      <UniqueIdentifier>{bc0d5232-0fea-431f-bf98-7725e5f0142e}</UniqueIdentifier>
    </Filter>
    <Filter Include="Header Files\Components\Map\Block">
      <UniqueIdentifier>{e48fcafc-d669-42f3-bfaf-1df583e730ec}</UniqueIdentifier>
    </Filter>
    <Filter Include="Source Files\Components\Map\Block">
      <UniqueIdentifier>{75810460-47ee-4924-ad3d-ec7c14d19a38}</UniqueIdentifier>
    </Filter>
    <Filter Include="Header Files\Components\Map\Ground">
      <UniqueIdentifier>{b3168f97-3abc-4e9a-9ef6-a0fc5732a523}</UniqueIdentifier>
    </Filter>
    <Filter Include="Source Files\Components\Map\Ground">
      <UniqueIdentifier>{a17b9bd3-d262-4881-9712-2ebf5cc911b7}</UniqueIdentifier>
    </Filter>
    <Filter Include="Header Files\Components\Map\Super Mushroom">
      <UniqueIdentifier>{3fd7bb99-c419-4ff6-8542-628965b1c2be}</UniqueIdentifier>
    </Filter>
    <Filter Include="Source Files\Components\Map\Super Mushroom">
      <UniqueIdentifier>{48a6df27-c119-482c-93d4-26f318a65aa9}</UniqueIdentifier>
    </Filter>
    <Filter Include="Header Files\Components\Enemies\Koopa">
      <UniqueIdentifier>{08570594-70a2-4404-a4f2-99faf1aef91f}</UniqueIdentifier>
    </Filter>
    <Filter Include="Source Files\Components\Enemies\Koopa">
      <UniqueIdentifier>{d658a63e-a9b9-4421-9e88-68bd756688e4}</UniqueIdentifier>
    </Filter>
    <Filter Include="Header Files\System\AnimationCDPlayer">
      <UniqueIdentifier>{480592dd-d390-42d9-9db6-bd153230c8d0}</UniqueIdentifier>
    </Filter>
    <Filter Include="Source Files\System\AnimationCDPlayer">
      <UniqueIdentifier>{53ad800a-9828-4119-9569-25fe8467b034}</UniqueIdentifier>
    </Filter>
    <Filter Include="Header Files\System\AnimationCDPlayer\AnimationCD">
      <UniqueIdentifier>{64ff231e-cb25-4fcb-9522-d50975750f9c}</UniqueIdentifier>
    </Filter>
    <Filter Include="Source Files\System\AnimationCDPlayer\AnimationCD">
      <UniqueIdentifier>{23b21053-9c84-46a1-b1b5-3b0a03bf2537}</UniqueIdentifier>
    </Filter>
  </ItemGroup>
  <ItemGroup>
    <ClCompile Include="Setting.cpp">
      <Filter>Source Files\System\Utilities</Filter>
    </ClCompile>
    <ClCompile Include="Color.cpp">
      <Filter>Source Files\System\Utilities</Filter>
    </ClCompile>
    <ClCompile Include="Component.cpp">
      <Filter>Source Files\Components</Filter>
    </ClCompile>
    <ClCompile Include="Main.cpp">
      <Filter>Source Files\System</Filter>
    </ClCompile>
    <ClCompile Include="ViewController.cpp">
      <Filter>Source Files\ViewController</Filter>
    </ClCompile>
    <ClCompile Include="AppController.cpp">
      <Filter>Source Files\System\AppController</Filter>
    </ClCompile>
    <ClCompile Include="Mario.cpp">
      <Filter>Source Files\Components\Mario</Filter>
    </ClCompile>
    <ClCompile Include="Camera.cpp">
      <Filter>Source Files\Components\Camera</Filter>
    </ClCompile>
    <ClCompile Include="Map.cpp">
      <Filter>Source Files\Components\Map</Filter>
    </ClCompile>
    <ClCompile Include="Animation.cpp">
      <Filter>Source Files\System\Animation</Filter>
    </ClCompile>
    <ClCompile Include="dxgraphics.cpp">
      <Filter>Source Files\System\Graphics</Filter>
    </ClCompile>
    <ClCompile Include="Drawing.cpp">
      <Filter>Source Files\System\Graphics</Filter>
    </ClCompile>
    <ClCompile Include="FilePath.cpp">
      <Filter>Source Files\System\Utilities</Filter>
    </ClCompile>
    <ClCompile Include="ImagePath.cpp">
      <Filter>Source Files\System\Utilities</Filter>
    </ClCompile>
    <ClCompile Include="MainCharacter.cpp">
      <Filter>Source Files\Components</Filter>
    </ClCompile>
    <ClCompile Include="GiftBrick.cpp">
      <Filter>Source Files\Components\Map\GiftBrick</Filter>
    </ClCompile>
    <ClCompile Include="SunnyVC.cpp">
      <Filter>Source Files\ViewController\SunnyVC</Filter>
    </ClCompile>
    <ClCompile Include="SunnyMap.cpp">
      <Filter>Source Files\ViewController\SunnyVC\SunnyMap</Filter>
    </ClCompile>
    <ClCompile Include="ScoreBoard.cpp">
      <Filter>Source Files\Components\Map\ScoreBoard</Filter>
    </ClCompile>
    <ClCompile Include="WorldVC.cpp">
      <Filter>Source Files\ViewController\WorldVC</Filter>
    </ClCompile>
    <ClCompile Include="WorldMap.cpp">
      <Filter>Source Files\ViewController\WorldVC\WorldMap</Filter>
    </ClCompile>
    <ClCompile Include="WMario.cpp">
      <Filter>Source Files\Components\WMario</Filter>
    </ClCompile>
    <ClCompile Include="StaticAnim.cpp">
      <Filter>Source Files\Components\Map\StaticAnim</Filter>
    </ClCompile>
    <ClCompile Include="WTurtle.cpp">
      <Filter>Source Files\Components\Map\WTurtle</Filter>
    </ClCompile>
    <ClCompile Include="Grid.cpp">
      <Filter>Source Files\System\Grid</Filter>
    </ClCompile>
    <ClCompile Include="GoldenBrick.cpp">
      <Filter>Source Files\Components\Map\GoldenBrick</Filter>
    </ClCompile>
    <ClCompile Include="AnimationBundle.cpp">
      <Filter>Source Files\System\Animation</Filter>
    </ClCompile>
    <ClCompile Include="Enemy.cpp">
      <Filter>Source Files\Components\Enemies</Filter>
    </ClCompile>
    <ClCompile Include="Goomba.cpp">
      <Filter>Source Files\Components\Enemies\Goomba</Filter>
    </ClCompile>
    <ClCompile Include="GreenPipe.cpp">
      <Filter>Source Files\Components\Map\GreenPipe</Filter>
    </ClCompile>
    <ClCompile Include="Block.cpp">
      <Filter>Source Files\Components\Map\Block</Filter>
    </ClCompile>
    <ClCompile Include="Ground.cpp">
      <Filter>Source Files\Components\Map\Ground</Filter>
    </ClCompile>
    <ClCompile Include="SuperMushroom.cpp">
      <Filter>Source Files\Components\Map\Super Mushroom</Filter>
    </ClCompile>
    <ClCompile Include="Koopa.cpp">
      <Filter>Source Files\Components\Enemies\Koopa</Filter>
    </ClCompile>
    <ClCompile Include="AnimationCDPlayer.cpp">
      <Filter>Source Files\System\AnimationCDPlayer</Filter>
    </ClCompile>
    <ClCompile Include="PointCD.cpp">
      <Filter>Source Files\System\AnimationCDPlayer\AnimationCD</Filter>
    </ClCompile>
    <ClCompile Include="AnimationCD.cpp">
      <Filter>Source Files\System\AnimationCDPlayer\AnimationCD</Filter>
    </ClCompile>
  </ItemGroup>
  <ItemGroup>
    <ClInclude Include="Tool.h">
      <Filter>Header Files\System\Utilities</Filter>
    </ClInclude>
    <ClInclude Include="Setting.h">
      <Filter>Header Files\System\Utilities</Filter>
    </ClInclude>
    <ClInclude Include="Color.h">
      <Filter>Header Files\System\Utilities</Filter>
    </ClInclude>
    <ClInclude Include="Component.h">
      <Filter>Header Files\Components</Filter>
    </ClInclude>
    <ClInclude Include="ViewController.h">
      <Filter>Header Files\ViewController</Filter>
    </ClInclude>
    <ClInclude Include="AppController.h">
      <Filter>Header Files\System\AppController</Filter>
    </ClInclude>
    <ClInclude Include="Mario.h">
      <Filter>Header Files\Components\Mario</Filter>
    </ClInclude>
    <ClInclude Include="MarioState.h">
      <Filter>Header Files\Components\Mario</Filter>
    </ClInclude>
    <ClInclude Include="Camera.h">
      <Filter>Header Files\Components\Camera</Filter>
    </ClInclude>
    <ClInclude Include="Map.h">
      <Filter>Header Files\Components\Map</Filter>
    </ClInclude>
    <ClInclude Include="Animation.h">
      <Filter>Header Files\System\Animation</Filter>
    </ClInclude>
    <ClInclude Include="dxgraphics.h">
      <Filter>Header Files\System\Graphics</Filter>
    </ClInclude>
    <ClInclude Include="Drawing.h">
      <Filter>Header Files\System\Graphics</Filter>
    </ClInclude>
    <ClInclude Include="CollisionEdge.h">
      <Filter>Header Files\System\Enums</Filter>
    </ClInclude>
    <ClInclude Include="KeyType.h">
      <Filter>Header Files\System\Enums</Filter>
    </ClInclude>
    <ClInclude Include="FilePath.h">
      <Filter>Header Files\System\Utilities</Filter>
    </ClInclude>
    <ClInclude Include="ImagePath.h">
      <Filter>Header Files\System\Utilities</Filter>
    </ClInclude>
    <ClInclude Include="MainCharacter.h">
      <Filter>Header Files\Components</Filter>
    </ClInclude>
    <ClInclude Include="SectionFile.h">
      <Filter>Header Files\System\Enums</Filter>
    </ClInclude>
    <ClInclude Include="GiftBrick.h">
      <Filter>Header Files\Components\Map\GiftBrick</Filter>
    </ClInclude>
    <ClInclude Include="SunnyVC.h">
      <Filter>Header Files\ViewController\SunnyVC</Filter>
    </ClInclude>
    <ClInclude Include="SunnyMap.h">
      <Filter>Header Files\ViewController\SunnyVC\SunnyMap</Filter>
    </ClInclude>
    <ClInclude Include="ScoreBoard.h">
      <Filter>Header Files\Components\Map\ScoreBoard</Filter>
    </ClInclude>
    <ClInclude Include="WorldVC.h">
      <Filter>Header Files\ViewController\WorldVC</Filter>
    </ClInclude>
    <ClInclude Include="WorldMap.h">
      <Filter>Header Files\ViewController\WorldVC\WorldMap</Filter>
    </ClInclude>
    <ClInclude Include="SceneName.h">
      <Filter>Header Files\System\Enums</Filter>
    </ClInclude>
    <ClInclude Include="WMario.h">
      <Filter>Header Files\Components\WMario</Filter>
    </ClInclude>
    <ClInclude Include="WMarioState.h">
      <Filter>Header Files\Components\WMario</Filter>
    </ClInclude>
    <ClInclude Include="StaticAnim.h">
      <Filter>Header Files\Components\Map\StaticAnim</Filter>
    </ClInclude>
    <ClInclude Include="WTurtle.h">
      <Filter>Header Files\Components\Map\WTurle</Filter>
    </ClInclude>
    <ClInclude Include="Grid.h">
      <Filter>Header Files\System\Grid</Filter>
    </ClInclude>
    <ClInclude Include="GoldenBrick.h">
      <Filter>Header Files\Components\Map\GoldenBrick</Filter>
    </ClInclude>
    <ClInclude Include="AnimationBundle.h">
      <Filter>Header Files\System\Animation</Filter>
    </ClInclude>
    <ClInclude Include="GiftBrickState.h">
      <Filter>Header Files\Components\Map\GiftBrick</Filter>
    </ClInclude>
    <ClInclude Include="Enemy.h">
      <Filter>Header Files\Components\Enemies</Filter>
    </ClInclude>
    <ClInclude Include="Goomba.h">
      <Filter>Header Files\Components\Enemies\Goomba</Filter>
    </ClInclude>
    <ClInclude Include="GreenPipe.h">
      <Filter>Header Files\Components\Map\GreenPipe</Filter>
    </ClInclude>
    <ClInclude Include="Block.h">
      <Filter>Header Files\Components\Map\Block</Filter>
    </ClInclude>
    <ClInclude Include="Ground.h">
      <Filter>Header Files\Components\Map\Ground</Filter>
    </ClInclude>
    <ClInclude Include="SuperMushroom.h">
      <Filter>Header Files\Components\Map\Super Mushroom</Filter>
    </ClInclude>
    <ClInclude Include="SuperMushroomState.h">
      <Filter>Header Files\System\Enums</Filter>
    </ClInclude>
    <ClInclude Include="GiftType.h">
      <Filter>Header Files\System\Enums</Filter>
    </ClInclude>
    <ClInclude Include="Koopa.h">
      <Filter>Header Files\Components\Enemies\Koopa</Filter>
    </ClInclude>
    <ClInclude Include="KoopaState.h">
      <Filter>Header Files\System\Enums</Filter>
    </ClInclude>
    <ClInclude Include="CDType.h">
      <Filter>Header Files\System\Enums</Filter>
    </ClInclude>
    <ClInclude Include="AnimationCDPlayer.h">
      <Filter>Header Files\System\AnimationCDPlayer</Filter>
    </ClInclude>
    <ClInclude Include="PointCD.h">
      <Filter>Header Files\System\AnimationCDPlayer\AnimationCD</Filter>
    </ClInclude>
    <ClInclude Include="AnimationCD.h">
      <Filter>Header Files\System\AnimationCDPlayer\AnimationCD</Filter>
    </ClInclude>
  </ItemGroup>
</Project>